
Microsoft Visual Studio Solution File, Format Version 10.00
# Visual Studio 2008
Project("{FAE04EC0-301F-11D3-BF4B-00C04F79EFBC}") = "CertApp", "CertApp\CertApp.csproj", "{09F7D927-D612-4D40-A84E-90C8223C4F48}"
EndProject
Global
	GlobalSection(SolutionConfigurationPlatforms) = preSolution
		Debug|Any CPU = Debug|Any CPU
		Release|Any CPU = Release|Any CPU
	EndGlobalSection
	GlobalSection(ProjectConfigurationPlatforms) = postSolution
		{09F7D927-D612-4D40-A84E-90C8223C4F48}.Debug|Any CPU.ActiveCfg = Debug|Any CPU
		{09F7D927-D612-4D40-A84E-90C8223C4F48}.Debug|Any CPU.Build.0 = Debug|Any CPU
		{09F7D927-D612-4D40-A84E-90C8223C4F48}.Release|Any CPU.ActiveCfg = Release|Any CPU
		{09F7D927-D612-4D40-A84E-90C8223C4F48}.Release|Any CPU.Build.0 = Release|Any CPU
	EndGlobalSection
	GlobalSection(SolutionProperties) = preSolution
		HideSolutionNode = FALSE
	EndGlobalSection
EndGlobal
